{
  "name": "silver-care-robot-project",
  "version": "1.0.0",
  "lockfileVersion": 3,
  "requires": true,
  "packages": {
    "": {
      "name": "silver-care-robot-project",
      "version": "1.0.0",
      "dependencies": {
        "@runchr/gstack-antigravity": "github:giljae/gstack-antigravity"
      }
    },
    "node_modules/@runchr/gstack-antigravity": {
      "version": "0.3.4",
      "resolved": "git+ssh://git@github.com/giljae/gstack-antigravity.git#42c786d27c70307ba68c728e5284b30d291b4470",
      "license": "MIT",
      "bin": {
        "gstack-antigravity": "bin/install.js"
      },
      "engines": {
        "node": ">=18"
      }
    }
  }
}
